// !$*UTF8*$!
{
	archiveVersion = 1;
	classes = {
	};
	objectVersion = 46;
	objects = {

/* Begin PBXBuildFile section */
		1839F9611A76A1750047DCA7 /* json.cpp in Sources */ = {isa = PBXBuildFile; fileRef = 1839F9541A76A1750047DCA7 /* json.cpp */; };
		1839F9621A76A1750047DCA7 /* main.cpp in Sources */ = {isa = PBXBuildFile; fileRef = 1839F9561A76A1750047DCA7 /* main.cpp */; };
		1839F9631A76A1750047DCA7 /* Makefile in Sources */ = {isa = PBXBuildFile; fileRef = 1839F9571A76A1750047DCA7 /* Makefile */; };
		1839F9641A76A1750047DCA7 /* state.cpp in Sources */ = {isa = PBXBuildFile; fileRef = 1839F95A1A76A1750047DCA7 /* state.cpp */; };
		1839F9651A76A1750047DCA7 /* tcp.cpp in Sources */ = {isa = PBXBuildFile; fileRef = 1839F95C1A76A1750047DCA7 /* tcp.cpp */; };
		1839F9661A76A1750047DCA7 /* ultility.cpp in Sources */ = {isa = PBXBuildFile; fileRef = 1839F95F1A76A1750047DCA7 /* ultility.cpp */; };
/* End PBXBuildFile section */

/* Begin PBXCopyFilesBuildPhase section */
		1839F9381A67855B0047DCA7 /* CopyFiles */ = {
			isa = PBXCopyFilesBuildPhase;
			buildActionMask = 2147483647;
			dstPath = /usr/share/man/man1/;
			dstSubfolderSpec = 0;
			files = (
			);
			runOnlyForDeploymentPostprocessing = 1;
		};
/* End PBXCopyFilesBuildPhase section */

/* Begin PBXFileReference section */
		1839F93A1A67855B0047DCA7 /* p2pchat */ = {isa = PBXFileReference; explicitFileType = "compiled.mach-o.executable"; includeInIndex = 0; path = p2pchat; sourceTree = BUILT_PRODUCTS_DIR; };
		1839F9541A76A1750047DCA7 /* json.cpp */ = {isa = PBXFileReference; fileEncoding = 4; lastKnownFileType = sourcecode.cpp.cpp; path = json.cpp; sourceTree = "<group>"; };
		1839F9551A76A1750047DCA7 /* json.h */ = {isa = PBXFileReference; fileEncoding = 4; lastKnownFileType = sourcecode.c.h; path = json.h; sourceTree = "<group>"; };
		1839F9561A76A1750047DCA7 /* main.cpp */ = {isa = PBXFileReference; fileEncoding = 4; lastKnownFileType = sourcecode.cpp.cpp; path = main.cpp; sourceTree = "<group>"; };
		1839F9571A76A1750047DCA7 /* Makefile */ = {isa = PBXFileReference; fileEncoding = 4; lastKnownFileType = sourcecode.make; path = Makefile; sourceTree = "<group>"; };
		1839F9581A76A1750047DCA7 /* p2pchat */ = {isa = PBXFileReference; lastKnownFileType = "compiled.mach-o.executable"; path = p2pchat; sourceTree = "<group>"; };
		1839F9591A76A1750047DCA7 /* p2pchat_mac */ = {isa = PBXFileReference; lastKnownFileType = "compiled.mach-o.executable"; path = p2pchat_mac; sourceTree = "<group>"; };
		1839F95A1A76A1750047DCA7 /* state.cpp */ = {isa = PBXFileReference; fileEncoding = 4; lastKnownFileType = sourcecode.cpp.cpp; path = state.cpp; sourceTree = "<group>"; };
		1839F95B1A76A1750047DCA7 /* state.h */ = {isa = PBXFileReference; fileEncoding = 4; lastKnownFileType = sourcecode.c.h; path = state.h; sourceTree = "<group>"; };
		1839F95C1A76A1750047DCA7 /* tcp.cpp */ = {isa = PBXFileReference; fileEncoding = 4; lastKnownFileType = sourcecode.cpp.cpp; path = tcp.cpp; sourceTree = "<group>"; };
		1839F95D1A76A1750047DCA7 /* tcp.h */ = {isa = PBXFileReference; fileEncoding = 4; lastKnownFileType = sourcecode.c.h; path = tcp.h; sourceTree = "<group>"; };
		1839F95E1A76A1750047DCA7 /* Timestamp.h */ = {isa = PBXFileReference; fileEncoding = 4; lastKnownFileType = sourcecode.c.h; path = Timestamp.h; sourceTree = "<group>"; };
		1839F95F1A76A1750047DCA7 /* ultility.cpp */ = {isa = PBXFileReference; fileEncoding = 4; lastKnownFileType = sourcecode.cpp.cpp; path = ultility.cpp; sourceTree = "<group>"; };
		1839F9601A76A1750047DCA7 /* ultility.h */ = {isa = PBXFileReference; fileEncoding = 4; lastKnownFileType = sourcecode.c.h; path = ultility.h; sourceTree = "<group>"; };
/* End PBXFileReference section */

/* Begin PBXFrameworksBuildPhase section */
		1839F9371A67855B0047DCA7 /* Frameworks */ = {
			isa = PBXFrameworksBuildPhase;
			buildActionMask = 2147483647;
			files = (
			);
			runOnlyForDeploymentPostprocessing = 0;
		};
/* End PBXFrameworksBuildPhase section */

/* Begin PBXGroup section */
		1839F9311A67855B0047DCA7 = {
			isa = PBXGroup;
			children = (
				1839F93C1A67855B0047DCA7 /* p2pchat */,
				1839F93B1A67855B0047DCA7 /* Products */,
			);
			sourceTree = "<group>";
		};
		1839F93B1A67855B0047DCA7 /* Products */ = {
			isa = PBXGroup;
			children = (
				1839F93A1A67855B0047DCA7 /* p2pchat */,
			);
			name = Products;
			sourceTree = "<group>";
		};
		1839F93C1A67855B0047DCA7 /* p2pchat */ = {
			isa = PBXGroup;
			children = (
				1839F9531A76A1750047DCA7 /* p2pchat */,
			);
			path = p2pchat;
			sourceTree = "<group>";
		};
		1839F9531A76A1750047DCA7 /* p2pchat */ = {
			isa = PBXGroup;
			children = (
				1839F9541A76A1750047DCA7 /* json.cpp */,
				1839F9551A76A1750047DCA7 /* json.h */,
				1839F9561A76A1750047DCA7 /* main.cpp */,
				1839F9571A76A1750047DCA7 /* Makefile */,
				1839F9581A76A1750047DCA7 /* p2pchat */,
				1839F9591A76A1750047DCA7 /* p2pchat_mac */,
				1839F95A1A76A1750047DCA7 /* state.cpp */,
				1839F95B1A76A1750047DCA7 /* state.h */,
				1839F95C1A76A1750047DCA7 /* tcp.cpp */,
				1839F95D1A76A1750047DCA7 /* tcp.h */,
				1839F95E1A76A1750047DCA7 /* Timestamp.h */,
				1839F95F1A76A1750047DCA7 /* ultility.cpp */,
				1839F9601A76A1750047DCA7 /* ultility.h */,
			);
			name = p2pchat;
			sourceTree = "<group>";
		};
/* End PBXGroup section */

/* Begin PBXNativeTarget section */
		1839F9391A67855B0047DCA7 /* p2pchat */ = {
			isa = PBXNativeTarget;
			buildConfigurationList = 1839F9411A67855B0047DCA7 /* Build configuration list for PBXNativeTarget "p2pchat" */;
			buildPhases = (
				1839F9361A67855B0047DCA7 /* Sources */,
				1839F9371A67855B0047DCA7 /* Frameworks */,
				1839F9381A67855B0047DCA7 /* CopyFiles */,
			);
			buildRules = (
			);
			dependencies = (
			);
			name = p2pchat;
			productName = p2pchat;
			productReference = 1839F93A1A67855B0047DCA7 /* p2pchat */;
			productType = "com.apple.product-type.tool";
		};
/* End PBXNativeTarget section */

/* Begin PBXProject section */
		1839F9321A67855B0047DCA7 /* Project object */ = {
			isa = PBXProject;
			attributes = {
				LastUpgradeCheck = 0610;
				ORGANIZATIONNAME = ZLY;
				TargetAttributes = {
					1839F9391A67855B0047DCA7 = {
						CreatedOnToolsVersion = 6.1;
					};
				};
			};
			buildConfigurationList = 1839F9351A67855B0047DCA7 /* Build configuration list for PBXProject "p2pchat" */;
			compatibilityVersion = "Xcode 3.2";
			developmentRegion = English;
			hasScannedForEncodings = 0;
			knownRegions = (
				en,
			);
			mainGroup = 1839F9311A67855B0047DCA7;
			productRefGroup = 1839F93B1A67855B0047DCA7 /* Products */;
			projectDirPath = "";
			projectRoot = "";
			targets = (
				1839F9391A67855B0047DCA7 /* p2pchat */,
			);
		};
/* End PBXProject section */

/* Begin PBXSourcesBuildPhase section */
		1839F9361A67855B0047DCA7 /* Sources */ = {
			isa = PBXSourcesBuildPhase;
			buildActionMask = 2147483647;
			files = (
				1839F9621A76A1750047DCA7 /* main.cpp in Sources */,
				1839F9641A76A1750047DCA7 /* state.cpp in Sources */,
				1839F9661A76A1750047DCA7 /* ultility.cpp in Sources */,
				1839F9611A76A1750047DCA7 /* json.cpp in Sources */,
				1839F9651A76A1750047DCA7 /* tcp.cpp in Sources */,
				1839F9631A76A1750047DCA7 /* Makefile in Sources */,
			);
			runOnlyForDeploymentPostprocessing = 0;
		};
/* End PBXSourcesBuildPhase section */

/* Begin XCBuildConfiguration section */
		1839F93F1A67855B0047DCA7 /* Debug */ = {
			isa = XCBuildConfiguration;
			buildSettings = {
				ALWAYS_SEARCH_USER_PATHS = NO;
				CLANG_CXX_LANGUAGE_STANDARD = "gnu++0x";
				CLANG_CXX_LIBRARY = "libc++";
				CLANG_ENABLE_MODULES = YES;
				CLANG_ENABLE_OBJC_ARC = YES;
				CLANG_WARN_BOOL_CONVERSION = YES;
				CLANG_WARN_CONSTANT_CONVERSION = YES;
				CLANG_WARN_DIRECT_OBJC_ISA_USAGE = YES_ERROR;
				CLANG_WARN_EMPTY_BODY = YES;
				CLANG_WARN_ENUM_CONVERSION = YES;
				CLANG_WARN_INT_CONVERSION = YES;
				CLANG_WARN_OBJC_ROOT_CLASS = YES_ERROR;
				CLANG_WARN_UNREACHABLE_CODE = YES;
				CLANG_WARN__DUPLICATE_METHOD_MATCH = YES;
				COPY_PHASE_STRIP = NO;
				ENABLE_STRICT_OBJC_MSGSEND = YES;
				GCC_C_LANGUAGE_STANDARD = gnu99;
				GCC_DYNAMIC_NO_PIC = NO;
				GCC_OPTIMIZATION_LEVEL = 0;
				GCC_PREPROCESSOR_DEFINITIONS = (
					"DEBUG=1",
					"$(inherited)",
				);
				GCC_SYMBOLS_PRIVATE_EXTERN = NO;
				GCC_WARN_64_TO_32_BIT_CONVERSION = YES;
				GCC_WARN_ABOUT_RETURN_TYPE = YES_ERROR;
				GCC_WARN_UNDECLARED_SELECTOR = YES;
				GCC_WARN_UNINITIALIZED_AUTOS = YES_AGGRESSIVE;
				GCC_WARN_UNUSED_FUNCTION = YES;
				GCC_WARN_UNUSED_VARIABLE = YES;
				MACOSX_DEPLOYMENT_TARGET = 10.10;
				MTL_ENABLE_DEBUG_INFO = YES;
				ONLY_ACTIVE_ARCH = YES;
				SDKROOT = macosx;
			};
			name = Debug;
		};
		1839F9401A67855B0047DCA7 /* Release */ = {
			isa = XCBuildConfiguration;
			buildSettings = {
				ALWAYS_SEARCH_USER_PATHS = NO;
				CLANG_CXX_LANGUAGE_STANDARD = "gnu++0x";
				CLANG_CXX_LIBRARY = "libc++";
				CLANG_ENABLE_MODULES = YES;
				CLANG_ENABLE_OBJC_ARC = YES;
				CLANG_WARN_BOOL_CONVERSION = YES;
				CLANG_WARN_CONSTANT_CONVERSION = YES;
				CLANG_WARN_DIRECT_OBJC_ISA_USAGE = YES_ERROR;
				CLANG_WARN_EMPTY_BODY = YES;
				CLANG_WARN_ENUM_CONVERSION = YES;
				CLANG_WARN_INT_CONVERSION = YES;
				CLANG_WARN_OBJC_ROOT_CLASS = YES_ERROR;
				CLANG_WARN_UNREACHABLE_CODE = YES;
				CLANG_WARN__DUPLICATE_METHOD_MATCH = YES;
				COPY_PHASE_STRIP = YES;
				DEBUG_INFORMATION_FORMAT = "dwarf-with-dsym";
				ENABLE_NS_ASSERTIONS = NO;
				ENABLE_STRICT_OBJC_MSGSEND = YES;
				GCC_C_LANGUAGE_STANDARD = gnu99;
				GCC_WARN_64_TO_32_BIT_CONVERSION = YES;
				GCC_WARN_ABOUT_RETURN_TYPE = YES_ERROR;
				GCC_WARN_UNDECLARED_SELECTOR = YES;
				GCC_WARN_UNINITIALIZED_AUTOS = YES_AGGRESSIVE;
				GCC_WARN_UNUSED_FUNCTION = YES;
				GCC_WARN_UNUSED_VARIABLE = YES;
				MACOSX_DEPLOYMENT_TARGET = 10.10;
				MTL_ENABLE_DEBUG_INFO = NO;
				SDKROOT = macosx;
			};
			name = Release;
		};
		1839F9421A67855B0047DCA7 /* Debug */ = {
			isa = XCBuildConfiguration;
			buildSettings = {
				PRODUCT_NAME = "$(TARGET_NAME)";
			};
			name = Debug;
		};
		1839F9431A67855B0047DCA7 /* Release */ = {
			isa = XCBuildConfiguration;
			buildSettings = {
				PRODUCT_NAME = "$(TARGET_NAME)";
			};
			name = Release;
		};
/* End XCBuildConfiguration section */

/* Begin XCConfigurationList section */
		1839F9351A67855B0047DCA7 /* Build configuration list for PBXProject "p2pchat" */ = {
			isa = XCConfigurationList;
			buildConfigurations = (
				1839F93F1A67855B0047DCA7 /* Debug */,
				1839F9401A67855B0047DCA7 /* Release */,
			);
			defaultConfigurationIsVisible = 0;
			defaultConfigurationName = Release;
		};
		1839F9411A67855B0047DCA7 /* Build configuration list for PBXNativeTarget "p2pchat" */ = {
			isa = XCConfigurationList;
			buildConfigurations = (
				1839F9421A67855B0047DCA7 /* Debug */,
				1839F9431A67855B0047DCA7 /* Release */,
			);
			defaultConfigurationIsVisible = 0;
			defaultConfigurationName = Release;
		};
/* End XCConfigurationList section */
	};
	rootObject = 1839F9321A67855B0047DCA7 /* Project object */;
}
